
Microsoft Visual Studio Solution File, Format Version 12.00
# Visual Studio Version 16
VisualStudioVersion = 16.0.30717.126
MinimumVisualStudioVersion = 10.0.40219.1
Project("{FAE04EC0-301F-11D3-BF4B-00C04F79EFBC}") = "GreenEnergy.Core", "GreenEnergy.Core\GreenEnergy.Core.csproj", "{81F64343-0971-47C8-B39C-FC16774F45A3}"
EndProject
Global
	GlobalSection(SolutionConfigurationPlatforms) = preSolution
		Debug|Any CPU = Debug|Any CPU
		Release|Any CPU = Release|Any CPU
	EndGlobalSection
	GlobalSection(ProjectConfigurationPlatforms) = postSolution
		{81F64343-0971-47C8-B39C-FC16774F45A3}.Debug|Any CPU.ActiveCfg = Debug|Any CPU
		{81F64343-0971-47C8-B39C-FC16774F45A3}.Debug|Any CPU.Build.0 = Debug|Any CPU
		{81F64343-0971-47C8-B39C-FC16774F45A3}.Release|Any CPU.ActiveCfg = Release|Any CPU
		{81F64343-0971-47C8-B39C-FC16774F45A3}.Release|Any CPU.Build.0 = Release|Any CPU
	EndGlobalSection
	GlobalSection(SolutionProperties) = preSolution
		HideSolutionNode = FALSE
	EndGlobalSection
	GlobalSection(ExtensibilityGlobals) = postSolution
		SolutionGuid = {428C8CFD-39E6-44B4-8073-2E09280F543C}
	EndGlobalSection
EndGlobal
